
Microsoft Visual Studio Solution File, Format Version 12.00
# Visual Studio Version 17
VisualStudioVersion = 17.11.35017.193
MinimumVisualStudioVersion = 10.0.40219.1
Project("{FAE04EC0-301F-11D3-BF4B-00C04F79EFBC}") = "StellarisModChecker", "StellarisModChecker.csproj", "{6C0AF00C-1F5E-4375-9569-40A099504074}"
EndProject
Global
	GlobalSection(SolutionConfigurationPlatforms) = preSolution
		Debug|Any CPU = Debug|Any CPU
		Release|Any CPU = Release|Any CPU
	EndGlobalSection
	GlobalSection(ProjectConfigurationPlatforms) = postSolution
		{6C0AF00C-1F5E-4375-9569-40A099504074}.Debug|Any CPU.ActiveCfg = Debug|Any CPU
		{6C0AF00C-1F5E-4375-9569-40A099504074}.Debug|Any CPU.Build.0 = Debug|Any CPU
		{6C0AF00C-1F5E-4375-9569-40A099504074}.Release|Any CPU.ActiveCfg = Release|Any CPU
		{6C0AF00C-1F5E-4375-9569-40A099504074}.Release|Any CPU.Build.0 = Release|Any CPU
	EndGlobalSection
	GlobalSection(SolutionProperties) = preSolution
		HideSolutionNode = FALSE
	EndGlobalSection
	GlobalSection(ExtensibilityGlobals) = postSolution
		SolutionGuid = {0C5E764E-B26B-42E6-99A1-2C7FC92D68A7}
	EndGlobalSection
EndGlobal
